
Microsoft Visual Studio Solution File, Format Version 12.00
# Visual Studio Version 17
VisualStudioVersion = 17.2.32526.322
MinimumVisualStudioVersion = 10.0.40219.1
Project("{FAE04EC0-301F-11D3-BF4B-00C04F79EFBC}") = "barcode-scanner", "barcode-scanner.csproj", "{916CA3B0-EE54-46F4-A26F-72584117652F}"
EndProject
Global
	GlobalSection(SolutionConfigurationPlatforms) = preSolution
		Debug|Any CPU = Debug|Any CPU
		Release|Any CPU = Release|Any CPU
	EndGlobalSection
	GlobalSection(ProjectConfigurationPlatforms) = postSolution
		{916CA3B0-EE54-46F4-A26F-72584117652F}.Debug|Any CPU.ActiveCfg = Debug|Any CPU
		{916CA3B0-EE54-46F4-A26F-72584117652F}.Debug|Any CPU.Build.0 = Debug|Any CPU
		{916CA3B0-EE54-46F4-A26F-72584117652F}.Release|Any CPU.ActiveCfg = Release|Any CPU
		{916CA3B0-EE54-46F4-A26F-72584117652F}.Release|Any CPU.Build.0 = Release|Any CPU
	EndGlobalSection
	GlobalSection(SolutionProperties) = preSolution
		HideSolutionNode = FALSE
	EndGlobalSection
	GlobalSection(ExtensibilityGlobals) = postSolution
		SolutionGuid = {AA67AC47-06D1-4C2B-AF1A-547B8D1FA357}
	EndGlobalSection
EndGlobal
